{
  "object": {
    "pins": [
      {
        "package": "AudioKit",
        "repositoryURL": "https://github.com/AudioKit/AudioKit",
        "state": {
          "branch": null,
          "revision": "3360ddec30659447201a9ca4360d20cd924aab32",
          "version": "5.3.0"
        }
      },
      {
        "package": "AudioKitEX",
        "repositoryURL": "https://github.com/AudioKit/AudioKitEX",
        "state": {
          "branch": null,
          "revision": "214bedd90e9a4ff03f55c4dc3b918082b6a7ebeb",
          "version": "5.3.0"
        }
      },
      {
        "package": "KissFFT",
        "repositoryURL": "https://github.com/AudioKit/KissFFT",
        "state": {
          "branch": null,
          "revision": "dd0636e151724b8ba2e0908eba4d99a6ff24d00c",
          "version": "1.0.0"
        }
      }
    ]
  },
  "version": 1
}
