{
  "object": {
    "pins": [
      {
        "package": "AudioKit",
        "repositoryURL": "https://github.com/AudioKit/AudioKit",
        "state": {
          "branch": "develop",
          "revision": "42523698916152f2e5e5249bdadaf3a00b1c4f48",
          "version": null
        }
      },
      {
        "package": "Soundpipe",
        "repositoryURL": "https://github.com/AudioKit/Soundpipe",
        "state": {
          "branch": "main",
          "revision": "43303e916d9aa6e384568b07a86ed5a62d04491e",
          "version": null
        }
      }
    ]
  },
  "version": 1
}
