{
  "object": {
    "pins": [
      {
        "package": "AudioKit",
        "repositoryURL": "https://github.com/AudioKit/AudioKit",
        "state": {
          "branch": "develop",
          "revision": "09e3e99482d8d0f3a29a41f450e25c1671f2fdb2",
          "version": null
        }
      },
      {
        "package": "Soundpipe",
        "repositoryURL": "https://github.com/AudioKit/Soundpipe",
        "state": {
          "branch": "main",
          "revision": "43303e916d9aa6e384568b07a86ed5a62d04491e",
          "version": null
        }
      }
    ]
  },
  "version": 1
}
